
Microsoft Visual Studio Solution File, Format Version 12.00
# Visual Studio Version 17
VisualStudioVersion = 17.9.34728.123
MinimumVisualStudioVersion = 10.0.40219.1
Project("{FAE04EC0-301F-11D3-BF4B-00C04F79EFBC}") = "DAQO", "DAQO\DAQO.csproj", "{D27398E2-BA68-453F-A609-0013BC13FAAC}"
EndProject
Project("{FAE04EC0-301F-11D3-BF4B-00C04F79EFBC}") = "DAQO.Temperatura.UnitTestMSTest", "DAQO.Temperatura.UnitTestMSTest\DAQO.Temperatura.UnitTestMSTest.csproj", "{88CB5878-0E05-405D-A2EC-AE14A7AC644A}"
EndProject
Project("{FAE04EC0-301F-11D3-BF4B-00C04F79EFBC}") = "DAQO.StringManipulator.UnitTestXUnit", "DAQO.StringManipulator.UnitTestXUnit\DAQO.StringManipulator.UnitTestXUnit.csproj", "{B9DAF006-7AB0-42CE-B2B3-E516795AED74}"
EndProject
Global
	GlobalSection(SolutionConfigurationPlatforms) = preSolution
		Debug|Any CPU = Debug|Any CPU
		Release|Any CPU = Release|Any CPU
	EndGlobalSection
	GlobalSection(ProjectConfigurationPlatforms) = postSolution
		{D27398E2-BA68-453F-A609-0013BC13FAAC}.Debug|Any CPU.ActiveCfg = Debug|Any CPU
		{D27398E2-BA68-453F-A609-0013BC13FAAC}.Debug|Any CPU.Build.0 = Debug|Any CPU
		{D27398E2-BA68-453F-A609-0013BC13FAAC}.Release|Any CPU.ActiveCfg = Release|Any CPU
		{D27398E2-BA68-453F-A609-0013BC13FAAC}.Release|Any CPU.Build.0 = Release|Any CPU
		{88CB5878-0E05-405D-A2EC-AE14A7AC644A}.Debug|Any CPU.ActiveCfg = Debug|Any CPU
		{88CB5878-0E05-405D-A2EC-AE14A7AC644A}.Debug|Any CPU.Build.0 = Debug|Any CPU
		{88CB5878-0E05-405D-A2EC-AE14A7AC644A}.Release|Any CPU.ActiveCfg = Release|Any CPU
		{88CB5878-0E05-405D-A2EC-AE14A7AC644A}.Release|Any CPU.Build.0 = Release|Any CPU
		{B9DAF006-7AB0-42CE-B2B3-E516795AED74}.Debug|Any CPU.ActiveCfg = Debug|Any CPU
		{B9DAF006-7AB0-42CE-B2B3-E516795AED74}.Debug|Any CPU.Build.0 = Debug|Any CPU
		{B9DAF006-7AB0-42CE-B2B3-E516795AED74}.Release|Any CPU.ActiveCfg = Release|Any CPU
		{B9DAF006-7AB0-42CE-B2B3-E516795AED74}.Release|Any CPU.Build.0 = Release|Any CPU
	EndGlobalSection
	GlobalSection(SolutionProperties) = preSolution
		HideSolutionNode = FALSE
	EndGlobalSection
	GlobalSection(ExtensibilityGlobals) = postSolution
		SolutionGuid = {1F54E80F-396B-463D-AA19-715198CC58CB}
	EndGlobalSection
EndGlobal
